
Microsoft Visual Studio Solution File, Format Version 12.00
Project("{FAE04EC0-301F-11D3-BF4B-00C04F79EFBC}") = "ApartmentRentingSystem.Domain", "ApartmentRentingSystem.Domain\ApartmentRentingSystem.Domain.csproj", "{446F749D-C819-4DB1-BE59-407AA6F97BC4}"
EndProject
Project("{FAE04EC0-301F-11D3-BF4B-00C04F79EFBC}") = "ApartmentRentingSystem.Web", "ApartmentRentingSystem.Web\ApartmentRentingSystem.Web.csproj", "{EF537888-D2D1-4DFA-B9CE-EA52EE5C78D0}"
EndProject
Project("{FAE04EC0-301F-11D3-BF4B-00C04F79EFBC}") = "ApartmentRentingSystem.Startup", "ApartmentRentingSystem.Startup\ApartmentRentingSystem.Startup.csproj", "{4FCC6B4A-D2EB-4AB7-88C4-FD6F5D63E6E2}"
EndProject
Project("{FAE04EC0-301F-11D3-BF4B-00C04F79EFBC}") = "ApartmentRentingSystem.Infrastructure", "ApartmentRentingSystem.Infrastructure\ApartmentRentingSystem.Infrastructure.csproj", "{F40FFC6B-69AF-439A-B658-A6C4819156D1}"
EndProject
Global
	GlobalSection(SolutionConfigurationPlatforms) = preSolution
		Debug|Any CPU = Debug|Any CPU
		Release|Any CPU = Release|Any CPU
	EndGlobalSection
	GlobalSection(ProjectConfigurationPlatforms) = postSolution
		{446F749D-C819-4DB1-BE59-407AA6F97BC4}.Debug|Any CPU.ActiveCfg = Debug|Any CPU
		{446F749D-C819-4DB1-BE59-407AA6F97BC4}.Debug|Any CPU.Build.0 = Debug|Any CPU
		{446F749D-C819-4DB1-BE59-407AA6F97BC4}.Release|Any CPU.ActiveCfg = Release|Any CPU
		{446F749D-C819-4DB1-BE59-407AA6F97BC4}.Release|Any CPU.Build.0 = Release|Any CPU
		{EF537888-D2D1-4DFA-B9CE-EA52EE5C78D0}.Debug|Any CPU.ActiveCfg = Debug|Any CPU
		{EF537888-D2D1-4DFA-B9CE-EA52EE5C78D0}.Debug|Any CPU.Build.0 = Debug|Any CPU
		{EF537888-D2D1-4DFA-B9CE-EA52EE5C78D0}.Release|Any CPU.ActiveCfg = Release|Any CPU
		{EF537888-D2D1-4DFA-B9CE-EA52EE5C78D0}.Release|Any CPU.Build.0 = Release|Any CPU
		{4FCC6B4A-D2EB-4AB7-88C4-FD6F5D63E6E2}.Debug|Any CPU.ActiveCfg = Debug|Any CPU
		{4FCC6B4A-D2EB-4AB7-88C4-FD6F5D63E6E2}.Debug|Any CPU.Build.0 = Debug|Any CPU
		{4FCC6B4A-D2EB-4AB7-88C4-FD6F5D63E6E2}.Release|Any CPU.ActiveCfg = Release|Any CPU
		{4FCC6B4A-D2EB-4AB7-88C4-FD6F5D63E6E2}.Release|Any CPU.Build.0 = Release|Any CPU
		{F40FFC6B-69AF-439A-B658-A6C4819156D1}.Debug|Any CPU.ActiveCfg = Debug|Any CPU
		{F40FFC6B-69AF-439A-B658-A6C4819156D1}.Debug|Any CPU.Build.0 = Debug|Any CPU
		{F40FFC6B-69AF-439A-B658-A6C4819156D1}.Release|Any CPU.ActiveCfg = Release|Any CPU
		{F40FFC6B-69AF-439A-B658-A6C4819156D1}.Release|Any CPU.Build.0 = Release|Any CPU
	EndGlobalSection
EndGlobal
